
Microsoft Visual Studio Solution File, Format Version 12.00
# Visual Studio Version 17
VisualStudioVersion = 17.6.33723.286
MinimumVisualStudioVersion = 10.0.40219.1
Project("{2150E333-8FDC-42A3-9474-1A3956D46DE8}") = "Tests", "Tests", "{D8EE3E93-D017-494B-8E12-76C3C685C209}"
EndProject
Project("{2150E333-8FDC-42A3-9474-1A3956D46DE8}") = "Drivers", "Drivers", "{5859A128-E628-4FC7-AA18-1D6CB70357ED}"
EndProject
Project("{2150E333-8FDC-42A3-9474-1A3956D46DE8}") = "Solution Items", "Solution Items", "{B1FD1B91-527C-47F9-8F1D-78F6A1108420}"
	ProjectSection(SolutionItems) = preProject
		LICENSE.md = LICENSE.md
		README.md = README.md
	EndProjectSection
EndProject
Project("{2150E333-8FDC-42A3-9474-1A3956D46DE8}") = "Docs", "Docs", "{8E037282-74EC-454D-94F8-5D6207B3E972}"
	ProjectSection(SolutionItems) = preProject
		docs\Torque.md = docs\Torque.md
	EndProjectSection
EndProject
Project("{2150E333-8FDC-42A3-9474-1A3956D46DE8}") = "External", "External", "{F043E15E-2E44-49EA-81D3-49CF88896C2F}"
EndProject
Project("{9A19103F-16F7-4668-BE54-9A1E7A4F7556}") = "MathematicsTests", "Tests\MathematicsTests\MathematicsTests.csproj", "{9C1DDA22-F7AD-4275-A357-82EAB2F6D315}"
EndProject
Project("{9A19103F-16F7-4668-BE54-9A1E7A4F7556}") = "GraphiteTests", "Tests\GraphiteTests\GraphiteTests.csproj", "{4CE935B5-AE1E-4E79-A6B3-9C6244A467CF}"
EndProject
Project("{9A19103F-16F7-4668-BE54-9A1E7A4F7556}") = "Tokamak.Vulkan", "Source\Tokamak.Vulkan\Tokamak.Vulkan.csproj", "{649BBB1D-48F2-4009-828E-230725CF6733}"
EndProject
Project("{9A19103F-16F7-4668-BE54-9A1E7A4F7556}") = "Graphite", "Source\Graphite\Graphite.csproj", "{64964897-974B-4703-AF6C-3F4D0AC5480F}"
EndProject
Project("{9A19103F-16F7-4668-BE54-9A1E7A4F7556}") = "TestBed", "Source\TestBed\TestBed.csproj", "{7E4CA923-4263-480A-8F9B-24A2B7E56E1B}"
EndProject
Project("{9A19103F-16F7-4668-BE54-9A1E7A4F7556}") = "FreeTypeWrapper", "Source\FreeTypeWrapper\FreeTypeWrapper.csproj", "{FA16513A-2553-406B-9B20-D80936A19CB2}"
EndProject
Project("{9A19103F-16F7-4668-BE54-9A1E7A4F7556}") = "Tokamak", "Source\Tokamak\Tokamak.csproj", "{EA2CFE3F-FCEE-48A6-97F9-29D217BF762F}"
EndProject
Project("{9A19103F-16F7-4668-BE54-9A1E7A4F7556}") = "Tokamak.Readers", "Source\Tokamak.Readers\Tokamak.Readers.csproj", "{30AB86BA-B82D-46E8-952F-A5EE0389AD9A}"
EndProject
Project("{9A19103F-16F7-4668-BE54-9A1E7A4F7556}") = "Tokamak.Mathematics", "Source\Tokamak.Mathematics\Tokamak.Mathematics.csproj", "{A54A3612-CB1F-408D-9E1D-3C8A232D2535}"
EndProject
Project("{9A19103F-16F7-4668-BE54-9A1E7A4F7556}") = "Tokamak.OGL", "Source\Tokamak.OGL\Tokamak.OGL.csproj", "{8131B79B-763A-4105-AB32-D188E6092C2B}"
EndProject
Project("{FAE04EC0-301F-11D3-BF4B-00C04F79EFBC}") = "Tokamak.VFS", "Tokamak.VFS\Tokamak.VFS.csproj", "{E8EE2794-B81F-45C6-ADAD-53FE1A5DBF27}"
EndProject
Project("{FAE04EC0-301F-11D3-BF4B-00C04F79EFBC}") = "Tokamak.Abstractions", "Tokamak.Abstractions\Tokamak.Abstractions.csproj", "{7797E1F4-1196-44DB-AF75-AAB18DF5CEE3}"
EndProject
Global
	GlobalSection(SolutionConfigurationPlatforms) = preSolution
		Debug|Any CPU = Debug|Any CPU
		Release|Any CPU = Release|Any CPU
	EndGlobalSection
	GlobalSection(ProjectConfigurationPlatforms) = postSolution
		{9C1DDA22-F7AD-4275-A357-82EAB2F6D315}.Debug|Any CPU.ActiveCfg = Debug|Any CPU
		{9C1DDA22-F7AD-4275-A357-82EAB2F6D315}.Debug|Any CPU.Build.0 = Debug|Any CPU
		{9C1DDA22-F7AD-4275-A357-82EAB2F6D315}.Release|Any CPU.ActiveCfg = Release|Any CPU
		{9C1DDA22-F7AD-4275-A357-82EAB2F6D315}.Release|Any CPU.Build.0 = Release|Any CPU
		{4CE935B5-AE1E-4E79-A6B3-9C6244A467CF}.Debug|Any CPU.ActiveCfg = Debug|Any CPU
		{4CE935B5-AE1E-4E79-A6B3-9C6244A467CF}.Debug|Any CPU.Build.0 = Debug|Any CPU
		{4CE935B5-AE1E-4E79-A6B3-9C6244A467CF}.Release|Any CPU.ActiveCfg = Release|Any CPU
		{4CE935B5-AE1E-4E79-A6B3-9C6244A467CF}.Release|Any CPU.Build.0 = Release|Any CPU
		{649BBB1D-48F2-4009-828E-230725CF6733}.Debug|Any CPU.ActiveCfg = Debug|Any CPU
		{649BBB1D-48F2-4009-828E-230725CF6733}.Debug|Any CPU.Build.0 = Debug|Any CPU
		{649BBB1D-48F2-4009-828E-230725CF6733}.Release|Any CPU.ActiveCfg = Release|Any CPU
		{649BBB1D-48F2-4009-828E-230725CF6733}.Release|Any CPU.Build.0 = Release|Any CPU
		{64964897-974B-4703-AF6C-3F4D0AC5480F}.Debug|Any CPU.ActiveCfg = Debug|Any CPU
		{64964897-974B-4703-AF6C-3F4D0AC5480F}.Debug|Any CPU.Build.0 = Debug|Any CPU
		{64964897-974B-4703-AF6C-3F4D0AC5480F}.Release|Any CPU.ActiveCfg = Release|Any CPU
		{64964897-974B-4703-AF6C-3F4D0AC5480F}.Release|Any CPU.Build.0 = Release|Any CPU
		{7E4CA923-4263-480A-8F9B-24A2B7E56E1B}.Debug|Any CPU.ActiveCfg = Debug|Any CPU
		{7E4CA923-4263-480A-8F9B-24A2B7E56E1B}.Debug|Any CPU.Build.0 = Debug|Any CPU
		{7E4CA923-4263-480A-8F9B-24A2B7E56E1B}.Release|Any CPU.ActiveCfg = Release|Any CPU
		{7E4CA923-4263-480A-8F9B-24A2B7E56E1B}.Release|Any CPU.Build.0 = Release|Any CPU
		{FA16513A-2553-406B-9B20-D80936A19CB2}.Debug|Any CPU.ActiveCfg = Debug|Any CPU
		{FA16513A-2553-406B-9B20-D80936A19CB2}.Debug|Any CPU.Build.0 = Debug|Any CPU
		{FA16513A-2553-406B-9B20-D80936A19CB2}.Release|Any CPU.ActiveCfg = Release|Any CPU
		{FA16513A-2553-406B-9B20-D80936A19CB2}.Release|Any CPU.Build.0 = Release|Any CPU
		{EA2CFE3F-FCEE-48A6-97F9-29D217BF762F}.Debug|Any CPU.ActiveCfg = Debug|Any CPU
		{EA2CFE3F-FCEE-48A6-97F9-29D217BF762F}.Debug|Any CPU.Build.0 = Debug|Any CPU
		{EA2CFE3F-FCEE-48A6-97F9-29D217BF762F}.Release|Any CPU.ActiveCfg = Release|Any CPU
		{EA2CFE3F-FCEE-48A6-97F9-29D217BF762F}.Release|Any CPU.Build.0 = Release|Any CPU
		{30AB86BA-B82D-46E8-952F-A5EE0389AD9A}.Debug|Any CPU.ActiveCfg = Debug|Any CPU
		{30AB86BA-B82D-46E8-952F-A5EE0389AD9A}.Debug|Any CPU.Build.0 = Debug|Any CPU
		{30AB86BA-B82D-46E8-952F-A5EE0389AD9A}.Release|Any CPU.ActiveCfg = Release|Any CPU
		{30AB86BA-B82D-46E8-952F-A5EE0389AD9A}.Release|Any CPU.Build.0 = Release|Any CPU
		{A54A3612-CB1F-408D-9E1D-3C8A232D2535}.Debug|Any CPU.ActiveCfg = Debug|Any CPU
		{A54A3612-CB1F-408D-9E1D-3C8A232D2535}.Debug|Any CPU.Build.0 = Debug|Any CPU
		{A54A3612-CB1F-408D-9E1D-3C8A232D2535}.Release|Any CPU.ActiveCfg = Release|Any CPU
		{A54A3612-CB1F-408D-9E1D-3C8A232D2535}.Release|Any CPU.Build.0 = Release|Any CPU
		{8131B79B-763A-4105-AB32-D188E6092C2B}.Debug|Any CPU.ActiveCfg = Debug|Any CPU
		{8131B79B-763A-4105-AB32-D188E6092C2B}.Debug|Any CPU.Build.0 = Debug|Any CPU
		{8131B79B-763A-4105-AB32-D188E6092C2B}.Release|Any CPU.ActiveCfg = Release|Any CPU
		{8131B79B-763A-4105-AB32-D188E6092C2B}.Release|Any CPU.Build.0 = Release|Any CPU
		{E8EE2794-B81F-45C6-ADAD-53FE1A5DBF27}.Debug|Any CPU.ActiveCfg = Debug|Any CPU
		{E8EE2794-B81F-45C6-ADAD-53FE1A5DBF27}.Debug|Any CPU.Build.0 = Debug|Any CPU
		{E8EE2794-B81F-45C6-ADAD-53FE1A5DBF27}.Release|Any CPU.ActiveCfg = Release|Any CPU
		{E8EE2794-B81F-45C6-ADAD-53FE1A5DBF27}.Release|Any CPU.Build.0 = Release|Any CPU
		{7797E1F4-1196-44DB-AF75-AAB18DF5CEE3}.Debug|Any CPU.ActiveCfg = Debug|Any CPU
		{7797E1F4-1196-44DB-AF75-AAB18DF5CEE3}.Debug|Any CPU.Build.0 = Debug|Any CPU
		{7797E1F4-1196-44DB-AF75-AAB18DF5CEE3}.Release|Any CPU.ActiveCfg = Release|Any CPU
		{7797E1F4-1196-44DB-AF75-AAB18DF5CEE3}.Release|Any CPU.Build.0 = Release|Any CPU
	EndGlobalSection
	GlobalSection(SolutionProperties) = preSolution
		HideSolutionNode = FALSE
	EndGlobalSection
	GlobalSection(NestedProjects) = preSolution
		{8E037282-74EC-454D-94F8-5D6207B3E972} = {B1FD1B91-527C-47F9-8F1D-78F6A1108420}
		{9C1DDA22-F7AD-4275-A357-82EAB2F6D315} = {D8EE3E93-D017-494B-8E12-76C3C685C209}
		{4CE935B5-AE1E-4E79-A6B3-9C6244A467CF} = {D8EE3E93-D017-494B-8E12-76C3C685C209}
		{649BBB1D-48F2-4009-828E-230725CF6733} = {5859A128-E628-4FC7-AA18-1D6CB70357ED}
		{FA16513A-2553-406B-9B20-D80936A19CB2} = {F043E15E-2E44-49EA-81D3-49CF88896C2F}
		{8131B79B-763A-4105-AB32-D188E6092C2B} = {5859A128-E628-4FC7-AA18-1D6CB70357ED}
	EndGlobalSection
	GlobalSection(ExtensibilityGlobals) = postSolution
		SolutionGuid = {05871E1D-40C8-45D6-A51D-0E321A9A7D4F}
	EndGlobalSection
EndGlobal
